// !$*UTF8*$!
{
	archiveVersion = 1;
	classes = {
	};
	objectVersion = 46;
	objects = {

/* Begin PBXBuildFile section */
		7B2901711F6785030095CE96 /* UIView+Extension.m in Sources */ = {isa = PBXBuildFile; fileRef = 7B2901701F6785030095CE96 /* UIView+Extension.m */; };
		7B7B5BF01F67D58C00E91B5C /* GuideViewController.m in Sources */ = {isa = PBXBuildFile; fileRef = 7B7B5BEF1F67D58C00E91B5C /* GuideViewController.m */; };
		7B7B5BF31F67D59700E91B5C /* HomeViewController.m in Sources */ = {isa = PBXBuildFile; fileRef = 7B7B5BF21F67D59700E91B5C /* HomeViewController.m */; };
		7BE229CD1F64D7A30073D80E /* main.m in Sources */ = {isa = PBXBuildFile; fileRef = 7BE229CC1F64D7A30073D80E /* main.m */; };
		7BE229D01F64D7A30073D80E /* AppDelegate.m in Sources */ = {isa = PBXBuildFile; fileRef = 7BE229CF1F64D7A30073D80E /* AppDelegate.m */; };
		7BE229D81F64D7A30073D80E /* Assets.xcassets in Resources */ = {isa = PBXBuildFile; fileRef = 7BE229D71F64D7A30073D80E /* Assets.xcassets */; };
		7BE229E61F64D7A30073D80E /* GuidanceTests.m in Sources */ = {isa = PBXBuildFile; fileRef = 7BE229E51F64D7A30073D80E /* GuidanceTests.m */; };
		7BE229F11F64D7A30073D80E /* GuidanceUITests.m in Sources */ = {isa = PBXBuildFile; fileRef = 7BE229F01F64D7A30073D80E /* GuidanceUITests.m */; };
/* End PBXBuildFile section */

/* Begin PBXContainerItemProxy section */
		7BE229E21F64D7A30073D80E /* PBXContainerItemProxy */ = {
			isa = PBXContainerItemProxy;
			containerPortal = 7BE229C01F64D7A30073D80E /* Project object */;
			proxyType = 1;
			remoteGlobalIDString = 7BE229C71F64D7A30073D80E;
			remoteInfo = Guidance;
		};
		7BE229ED1F64D7A30073D80E /* PBXContainerItemProxy */ = {
			isa = PBXContainerItemProxy;
			containerPortal = 7BE229C01F64D7A30073D80E /* Project object */;
			proxyType = 1;
			remoteGlobalIDString = 7BE229C71F64D7A30073D80E;
			remoteInfo = Guidance;
		};
/* End PBXContainerItemProxy section */

/* Begin PBXFileReference section */
		7B29016F1F6785030095CE96 /* UIView+Extension.h */ = {isa = PBXFileReference; fileEncoding = 4; lastKnownFileType = sourcecode.c.h; path = "UIView+Extension.h"; sourceTree = "<group>"; };
		7B2901701F6785030095CE96 /* UIView+Extension.m */ = {isa = PBXFileReference; fileEncoding = 4; lastKnownFileType = sourcecode.c.objc; path = "UIView+Extension.m"; sourceTree = "<group>"; };
		7B7B5BEE1F67D58C00E91B5C /* GuideViewController.h */ = {isa = PBXFileReference; fileEncoding = 4; lastKnownFileType = sourcecode.c.h; path = GuideViewController.h; sourceTree = "<group>"; };
		7B7B5BEF1F67D58C00E91B5C /* GuideViewController.m */ = {isa = PBXFileReference; fileEncoding = 4; lastKnownFileType = sourcecode.c.objc; path = GuideViewController.m; sourceTree = "<group>"; };
		7B7B5BF11F67D59700E91B5C /* HomeViewController.h */ = {isa = PBXFileReference; fileEncoding = 4; lastKnownFileType = sourcecode.c.h; path = HomeViewController.h; sourceTree = "<group>"; };
		7B7B5BF21F67D59700E91B5C /* HomeViewController.m */ = {isa = PBXFileReference; fileEncoding = 4; lastKnownFileType = sourcecode.c.objc; path = HomeViewController.m; sourceTree = "<group>"; };
		7BE229C81F64D7A30073D80E /* Guidance.app */ = {isa = PBXFileReference; explicitFileType = wrapper.application; includeInIndex = 0; path = Guidance.app; sourceTree = BUILT_PRODUCTS_DIR; };
		7BE229CC1F64D7A30073D80E /* main.m */ = {isa = PBXFileReference; lastKnownFileType = sourcecode.c.objc; path = main.m; sourceTree = "<group>"; };
		7BE229CE1F64D7A30073D80E /* AppDelegate.h */ = {isa = PBXFileReference; lastKnownFileType = sourcecode.c.h; path = AppDelegate.h; sourceTree = "<group>"; };
		7BE229CF1F64D7A30073D80E /* AppDelegate.m */ = {isa = PBXFileReference; lastKnownFileType = sourcecode.c.objc; path = AppDelegate.m; sourceTree = "<group>"; };
		7BE229D71F64D7A30073D80E /* Assets.xcassets */ = {isa = PBXFileReference; lastKnownFileType = folder.assetcatalog; path = Assets.xcassets; sourceTree = "<group>"; };
		7BE229DC1F64D7A30073D80E /* Info.plist */ = {isa = PBXFileReference; lastKnownFileType = text.plist.xml; path = Info.plist; sourceTree = "<group>"; };
		7BE229E11F64D7A30073D80E /* GuidanceTests.xctest */ = {isa = PBXFileReference; explicitFileType = wrapper.cfbundle; includeInIndex = 0; path = GuidanceTests.xctest; sourceTree = BUILT_PRODUCTS_DIR; };
		7BE229E51F64D7A30073D80E /* GuidanceTests.m */ = {isa = PBXFileReference; lastKnownFileType = sourcecode.c.objc; path = GuidanceTests.m; sourceTree = "<group>"; };
		7BE229E71F64D7A30073D80E /* Info.plist */ = {isa = PBXFileReference; lastKnownFileType = text.plist.xml; path = Info.plist; sourceTree = "<group>"; };
		7BE229EC1F64D7A30073D80E /* GuidanceUITests.xctest */ = {isa = PBXFileReference; explicitFileType = wrapper.cfbundle; includeInIndex = 0; path = GuidanceUITests.xctest; sourceTree = BUILT_PRODUCTS_DIR; };
		7BE229F01F64D7A30073D80E /* GuidanceUITests.m */ = {isa = PBXFileReference; lastKnownFileType = sourcecode.c.objc; path = GuidanceUITests.m; sourceTree = "<group>"; };
		7BE229F21F64D7A30073D80E /* Info.plist */ = {isa = PBXFileReference; lastKnownFileType = text.plist.xml; path = Info.plist; sourceTree = "<group>"; };
/* End PBXFileReference section */

/* Begin PBXFrameworksBuildPhase section */
		7BE229C51F64D7A30073D80E /* Frameworks */ = {
			isa = PBXFrameworksBuildPhase;
			buildActionMask = 2147483647;
			files = (
			);
			runOnlyForDeploymentPostprocessing = 0;
		};
		7BE229DE1F64D7A30073D80E /* Frameworks */ = {
			isa = PBXFrameworksBuildPhase;
			buildActionMask = 2147483647;
			files = (
			);
			runOnlyForDeploymentPostprocessing = 0;
		};
		7BE229E91F64D7A30073D80E /* Frameworks */ = {
			isa = PBXFrameworksBuildPhase;
			buildActionMask = 2147483647;
			files = (
			);
			runOnlyForDeploymentPostprocessing = 0;
		};
/* End PBXFrameworksBuildPhase section */

/* Begin PBXGroup section */
		7B29016E1F6785030095CE96 /* CateGory */ = {
			isa = PBXGroup;
			children = (
				7B29016F1F6785030095CE96 /* UIView+Extension.h */,
				7B2901701F6785030095CE96 /* UIView+Extension.m */,
			);
			path = CateGory;
			sourceTree = "<group>";
		};
		7B7B5BEB1F67D57900E91B5C /* Feature */ = {
			isa = PBXGroup;
			children = (
				7B7B5BEC1F67D57900E91B5C /* Guide */,
				7B7B5BED1F67D57900E91B5C /* Home */,
			);
			path = Feature;
			sourceTree = "<group>";
		};
		7B7B5BEC1F67D57900E91B5C /* Guide */ = {
			isa = PBXGroup;
			children = (
				7B7B5BEE1F67D58C00E91B5C /* GuideViewController.h */,
				7B7B5BEF1F67D58C00E91B5C /* GuideViewController.m */,
			);
			path = Guide;
			sourceTree = "<group>";
		};
		7B7B5BED1F67D57900E91B5C /* Home */ = {
			isa = PBXGroup;
			children = (
				7B7B5BF11F67D59700E91B5C /* HomeViewController.h */,
				7B7B5BF21F67D59700E91B5C /* HomeViewController.m */,
			);
			path = Home;
			sourceTree = "<group>";
		};
		7BE229BF1F64D7A30073D80E = {
			isa = PBXGroup;
			children = (
				7BE229CA1F64D7A30073D80E /* Guidance */,
				7BE229E41F64D7A30073D80E /* GuidanceTests */,
				7BE229EF1F64D7A30073D80E /* GuidanceUITests */,
				7BE229C91F64D7A30073D80E /* Products */,
			);
			sourceTree = "<group>";
		};
		7BE229C91F64D7A30073D80E /* Products */ = {
			isa = PBXGroup;
			children = (
				7BE229C81F64D7A30073D80E /* Guidance.app */,
				7BE229E11F64D7A30073D80E /* GuidanceTests.xctest */,
				7BE229EC1F64D7A30073D80E /* GuidanceUITests.xctest */,
			);
			name = Products;
			sourceTree = "<group>";
		};
		7BE229CA1F64D7A30073D80E /* Guidance */ = {
			isa = PBXGroup;
			children = (
				7B7B5BEB1F67D57900E91B5C /* Feature */,
				7B29016E1F6785030095CE96 /* CateGory */,
				7BE229CE1F64D7A30073D80E /* AppDelegate.h */,
				7BE229CF1F64D7A30073D80E /* AppDelegate.m */,
				7BE229D71F64D7A30073D80E /* Assets.xcassets */,
				7BE229DC1F64D7A30073D80E /* Info.plist */,
				7BE229CB1F64D7A30073D80E /* Supporting Files */,
			);
			path = Guidance;
			sourceTree = "<group>";
		};
		7BE229CB1F64D7A30073D80E /* Supporting Files */ = {
			isa = PBXGroup;
			children = (
				7BE229CC1F64D7A30073D80E /* main.m */,
			);
			name = "Supporting Files";
			sourceTree = "<group>";
		};
		7BE229E41F64D7A30073D80E /* GuidanceTests */ = {
			isa = PBXGroup;
			children = (
				7BE229E51F64D7A30073D80E /* GuidanceTests.m */,
				7BE229E71F64D7A30073D80E /* Info.plist */,
			);
			path = GuidanceTests;
			sourceTree = "<group>";
		};
		7BE229EF1F64D7A30073D80E /* GuidanceUITests */ = {
			isa = PBXGroup;
			children = (
				7BE229F01F64D7A30073D80E /* GuidanceUITests.m */,
				7BE229F21F64D7A30073D80E /* Info.plist */,
			);
			path = GuidanceUITests;
			sourceTree = "<group>";
		};
/* End PBXGroup section */

/* Begin PBXNativeTarget section */
		7BE229C71F64D7A30073D80E /* Guidance */ = {
			isa = PBXNativeTarget;
			buildConfigurationList = 7BE229F51F64D7A30073D80E /* Build configuration list for PBXNativeTarget "Guidance" */;
			buildPhases = (
				7BE229C41F64D7A30073D80E /* Sources */,
				7BE229C51F64D7A30073D80E /* Frameworks */,
				7BE229C61F64D7A30073D80E /* Resources */,
			);
			buildRules = (
			);
			dependencies = (
			);
			name = Guidance;
			productName = Guidance;
			productReference = 7BE229C81F64D7A30073D80E /* Guidance.app */;
			productType = "com.apple.product-type.application";
		};
		7BE229E01F64D7A30073D80E /* GuidanceTests */ = {
			isa = PBXNativeTarget;
			buildConfigurationList = 7BE229F81F64D7A30073D80E /* Build configuration list for PBXNativeTarget "GuidanceTests" */;
			buildPhases = (
				7BE229DD1F64D7A30073D80E /* Sources */,
				7BE229DE1F64D7A30073D80E /* Frameworks */,
				7BE229DF1F64D7A30073D80E /* Resources */,
			);
			buildRules = (
			);
			dependencies = (
				7BE229E31F64D7A30073D80E /* PBXTargetDependency */,
			);
			name = GuidanceTests;
			productName = GuidanceTests;
			productReference = 7BE229E11F64D7A30073D80E /* GuidanceTests.xctest */;
			productType = "com.apple.product-type.bundle.unit-test";
		};
		7BE229EB1F64D7A30073D80E /* GuidanceUITests */ = {
			isa = PBXNativeTarget;
			buildConfigurationList = 7BE229FB1F64D7A30073D80E /* Build configuration list for PBXNativeTarget "GuidanceUITests" */;
			buildPhases = (
				7BE229E81F64D7A30073D80E /* Sources */,
				7BE229E91F64D7A30073D80E /* Frameworks */,
				7BE229EA1F64D7A30073D80E /* Resources */,
			);
			buildRules = (
			);
			dependencies = (
				7BE229EE1F64D7A30073D80E /* PBXTargetDependency */,
			);
			name = GuidanceUITests;
			productName = GuidanceUITests;
			productReference = 7BE229EC1F64D7A30073D80E /* GuidanceUITests.xctest */;
			productType = "com.apple.product-type.bundle.ui-testing";
		};
/* End PBXNativeTarget section */

/* Begin PBXProject section */
		7BE229C01F64D7A30073D80E /* Project object */ = {
			isa = PBXProject;
			attributes = {
				LastUpgradeCheck = 0830;
				ORGANIZATIONNAME = dxl;
				TargetAttributes = {
					7BE229C71F64D7A30073D80E = {
						CreatedOnToolsVersion = 8.3.3;
						ProvisioningStyle = Manual;
					};
					7BE229E01F64D7A30073D80E = {
						CreatedOnToolsVersion = 8.3.3;
						DevelopmentTeam = 3T7PG2G445;
						ProvisioningStyle = Automatic;
						TestTargetID = 7BE229C71F64D7A30073D80E;
					};
					7BE229EB1F64D7A30073D80E = {
						CreatedOnToolsVersion = 8.3.3;
						DevelopmentTeam = 3T7PG2G445;
						ProvisioningStyle = Automatic;
						TestTargetID = 7BE229C71F64D7A30073D80E;
					};
				};
			};
			buildConfigurationList = 7BE229C31F64D7A30073D80E /* Build configuration list for PBXProject "Guidance" */;
			compatibilityVersion = "Xcode 3.2";
			developmentRegion = English;
			hasScannedForEncodings = 0;
			knownRegions = (
				en,
				Base,
			);
			mainGroup = 7BE229BF1F64D7A30073D80E;
			productRefGroup = 7BE229C91F64D7A30073D80E /* Products */;
			projectDirPath = "";
			projectRoot = "";
			targets = (
				7BE229C71F64D7A30073D80E /* Guidance */,
				7BE229E01F64D7A30073D80E /* GuidanceTests */,
				7BE229EB1F64D7A30073D80E /* GuidanceUITests */,
			);
		};
/* End PBXProject section */

/* Begin PBXResourcesBuildPhase section */
		7BE229C61F64D7A30073D80E /* Resources */ = {
			isa = PBXResourcesBuildPhase;
			buildActionMask = 2147483647;
			files = (
				7BE229D81F64D7A30073D80E /* Assets.xcassets in Resources */,
			);
			runOnlyForDeploymentPostprocessing = 0;
		};
		7BE229DF1F64D7A30073D80E /* Resources */ = {
			isa = PBXResourcesBuildPhase;
			buildActionMask = 2147483647;
			files = (
			);
			runOnlyForDeploymentPostprocessing = 0;
		};
		7BE229EA1F64D7A30073D80E /* Resources */ = {
			isa = PBXResourcesBuildPhase;
			buildActionMask = 2147483647;
			files = (
			);
			runOnlyForDeploymentPostprocessing = 0;
		};
/* End PBXResourcesBuildPhase section */

/* Begin PBXSourcesBuildPhase section */
		7BE229C41F64D7A30073D80E /* Sources */ = {
			isa = PBXSourcesBuildPhase;
			buildActionMask = 2147483647;
			files = (
				7B2901711F6785030095CE96 /* UIView+Extension.m in Sources */,
				7B7B5BF01F67D58C00E91B5C /* GuideViewController.m in Sources */,
				7BE229D01F64D7A30073D80E /* AppDelegate.m in Sources */,
				7BE229CD1F64D7A30073D80E /* main.m in Sources */,
				7B7B5BF31F67D59700E91B5C /* HomeViewController.m in Sources */,
			);
			runOnlyForDeploymentPostprocessing = 0;
		};
		7BE229DD1F64D7A30073D80E /* Sources */ = {
			isa = PBXSourcesBuildPhase;
			buildActionMask = 2147483647;
			files = (
				7BE229E61F64D7A30073D80E /* GuidanceTests.m in Sources */,
			);
			runOnlyForDeploymentPostprocessing = 0;
		};
		7BE229E81F64D7A30073D80E /* Sources */ = {
			isa = PBXSourcesBuildPhase;
			buildActionMask = 2147483647;
			files = (
				7BE229F11F64D7A30073D80E /* GuidanceUITests.m in Sources */,
			);
			runOnlyForDeploymentPostprocessing = 0;
		};
/* End PBXSourcesBuildPhase section */

/* Begin PBXTargetDependency section */
		7BE229E31F64D7A30073D80E /* PBXTargetDependency */ = {
			isa = PBXTargetDependency;
			target = 7BE229C71F64D7A30073D80E /* Guidance */;
			targetProxy = 7BE229E21F64D7A30073D80E /* PBXContainerItemProxy */;
		};
		7BE229EE1F64D7A30073D80E /* PBXTargetDependency */ = {
			isa = PBXTargetDependency;
			target = 7BE229C71F64D7A30073D80E /* Guidance */;
			targetProxy = 7BE229ED1F64D7A30073D80E /* PBXContainerItemProxy */;
		};
/* End PBXTargetDependency section */

/* Begin XCBuildConfiguration section */
		7BE229F31F64D7A30073D80E /* Debug */ = {
			isa = XCBuildConfiguration;
			buildSettings = {
				ALWAYS_SEARCH_USER_PATHS = NO;
				CLANG_ANALYZER_NONNULL = YES;
				CLANG_ANALYZER_NUMBER_OBJECT_CONVERSION = YES_AGGRESSIVE;
				CLANG_CXX_LANGUAGE_STANDARD = "gnu++0x";
				CLANG_CXX_LIBRARY = "libc++";
				CLANG_ENABLE_MODULES = YES;
				CLANG_ENABLE_OBJC_ARC = YES;
				CLANG_WARN_BOOL_CONVERSION = YES;
				CLANG_WARN_CONSTANT_CONVERSION = YES;
				CLANG_WARN_DIRECT_OBJC_ISA_USAGE = YES_ERROR;
				CLANG_WARN_DOCUMENTATION_COMMENTS = YES;
				CLANG_WARN_EMPTY_BODY = YES;
				CLANG_WARN_ENUM_CONVERSION = YES;
				CLANG_WARN_INFINITE_RECURSION = YES;
				CLANG_WARN_INT_CONVERSION = YES;
				CLANG_WARN_OBJC_ROOT_CLASS = YES_ERROR;
				CLANG_WARN_SUSPICIOUS_MOVE = YES;
				CLANG_WARN_UNREACHABLE_CODE = YES;
				CLANG_WARN__DUPLICATE_METHOD_MATCH = YES;
				"CODE_SIGN_IDENTITY[sdk=iphoneos*]" = "iPhone Developer";
				COPY_PHASE_STRIP = NO;
				DEBUG_INFORMATION_FORMAT = dwarf;
				ENABLE_STRICT_OBJC_MSGSEND = YES;
				ENABLE_TESTABILITY = YES;
				GCC_C_LANGUAGE_STANDARD = gnu99;
				GCC_DYNAMIC_NO_PIC = NO;
				GCC_NO_COMMON_BLOCKS = YES;
				GCC_OPTIMIZATION_LEVEL = 0;
				GCC_PREPROCESSOR_DEFINITIONS = (
					"DEBUG=1",
					"$(inherited)",
				);
				GCC_WARN_64_TO_32_BIT_CONVERSION = YES;
				GCC_WARN_ABOUT_RETURN_TYPE = YES_ERROR;
				GCC_WARN_UNDECLARED_SELECTOR = YES;
				GCC_WARN_UNINITIALIZED_AUTOS = YES_AGGRESSIVE;
				GCC_WARN_UNUSED_FUNCTION = YES;
				GCC_WARN_UNUSED_VARIABLE = YES;
				IPHONEOS_DEPLOYMENT_TARGET = 10.3;
				MTL_ENABLE_DEBUG_INFO = YES;
				ONLY_ACTIVE_ARCH = YES;
				SDKROOT = iphoneos;
			};
			name = Debug;
		};
		7BE229F41F64D7A30073D80E /* Release */ = {
			isa = XCBuildConfiguration;
			buildSettings = {
				ALWAYS_SEARCH_USER_PATHS = NO;
				CLANG_ANALYZER_NONNULL = YES;
				CLANG_ANALYZER_NUMBER_OBJECT_CONVERSION = YES_AGGRESSIVE;
				CLANG_CXX_LANGUAGE_STANDARD = "gnu++0x";
				CLANG_CXX_LIBRARY = "libc++";
				CLANG_ENABLE_MODULES = YES;
				CLANG_ENABLE_OBJC_ARC = YES;
				CLANG_WARN_BOOL_CONVERSION = YES;
				CLANG_WARN_CONSTANT_CONVERSION = YES;
				CLANG_WARN_DIRECT_OBJC_ISA_USAGE = YES_ERROR;
				CLANG_WARN_DOCUMENTATION_COMMENTS = YES;
				CLANG_WARN_EMPTY_BODY = YES;
				CLANG_WARN_ENUM_CONVERSION = YES;
				CLANG_WARN_INFINITE_RECURSION = YES;
				CLANG_WARN_INT_CONVERSION = YES;
				CLANG_WARN_OBJC_ROOT_CLASS = YES_ERROR;
				CLANG_WARN_SUSPICIOUS_MOVE = YES;
				CLANG_WARN_UNREACHABLE_CODE = YES;
				CLANG_WARN__DUPLICATE_METHOD_MATCH = YES;
				"CODE_SIGN_IDENTITY[sdk=iphoneos*]" = "iPhone Developer";
				COPY_PHASE_STRIP = NO;
				DEBUG_INFORMATION_FORMAT = "dwarf-with-dsym";
				ENABLE_NS_ASSERTIONS = NO;
				ENABLE_STRICT_OBJC_MSGSEND = YES;
				GCC_C_LANGUAGE_STANDARD = gnu99;
				GCC_NO_COMMON_BLOCKS = YES;
				GCC_WARN_64_TO_32_BIT_CONVERSION = YES;
				GCC_WARN_ABOUT_RETURN_TYPE = YES_ERROR;
				GCC_WARN_UNDECLARED_SELECTOR = YES;
				GCC_WARN_UNINITIALIZED_AUTOS = YES_AGGRESSIVE;
				GCC_WARN_UNUSED_FUNCTION = YES;
				GCC_WARN_UNUSED_VARIABLE = YES;
				IPHONEOS_DEPLOYMENT_TARGET = 10.3;
				MTL_ENABLE_DEBUG_INFO = NO;
				SDKROOT = iphoneos;
				VALIDATE_PRODUCT = YES;
			};
			name = Release;
		};
		7BE229F61F64D7A30073D80E /* Debug */ = {
			isa = XCBuildConfiguration;
			buildSettings = {
				ASSETCATALOG_COMPILER_APPICON_NAME = AppIcon;
				DEVELOPMENT_TEAM = "";
				INFOPLIST_FILE = Guidance/Info.plist;
				LD_RUNPATH_SEARCH_PATHS = "$(inherited) @executable_path/Frameworks";
				PRODUCT_BUNDLE_IDENTIFIER = com.dxl.Guidance;
				PRODUCT_NAME = "$(TARGET_NAME)";
				PROVISIONING_PROFILE_SPECIFIER = "";
			};
			name = Debug;
		};
		7BE229F71F64D7A30073D80E /* Release */ = {
			isa = XCBuildConfiguration;
			buildSettings = {
				ASSETCATALOG_COMPILER_APPICON_NAME = AppIcon;
				DEVELOPMENT_TEAM = "";
				INFOPLIST_FILE = Guidance/Info.plist;
				LD_RUNPATH_SEARCH_PATHS = "$(inherited) @executable_path/Frameworks";
				PRODUCT_BUNDLE_IDENTIFIER = com.dxl.Guidance;
				PRODUCT_NAME = "$(TARGET_NAME)";
				PROVISIONING_PROFILE_SPECIFIER = "";
			};
			name = Release;
		};
		7BE229F91F64D7A30073D80E /* Debug */ = {
			isa = XCBuildConfiguration;
			buildSettings = {
				BUNDLE_LOADER = "$(TEST_HOST)";
				DEVELOPMENT_TEAM = 3T7PG2G445;
				INFOPLIST_FILE = GuidanceTests/Info.plist;
				LD_RUNPATH_SEARCH_PATHS = "$(inherited) @executable_path/Frameworks @loader_path/Frameworks";
				PRODUCT_BUNDLE_IDENTIFIER = com.dxl.GuidanceTests;
				PRODUCT_NAME = "$(TARGET_NAME)";
				TEST_HOST = "$(BUILT_PRODUCTS_DIR)/Guidance.app/Guidance";
			};
			name = Debug;
		};
		7BE229FA1F64D7A30073D80E /* Release */ = {
			isa = XCBuildConfiguration;
			buildSettings = {
				BUNDLE_LOADER = "$(TEST_HOST)";
				DEVELOPMENT_TEAM = 3T7PG2G445;
				INFOPLIST_FILE = GuidanceTests/Info.plist;
				LD_RUNPATH_SEARCH_PATHS = "$(inherited) @executable_path/Frameworks @loader_path/Frameworks";
				PRODUCT_BUNDLE_IDENTIFIER = com.dxl.GuidanceTests;
				PRODUCT_NAME = "$(TARGET_NAME)";
				TEST_HOST = "$(BUILT_PRODUCTS_DIR)/Guidance.app/Guidance";
			};
			name = Release;
		};
		7BE229FC1F64D7A30073D80E /* Debug */ = {
			isa = XCBuildConfiguration;
			buildSettings = {
				DEVELOPMENT_TEAM = 3T7PG2G445;
				INFOPLIST_FILE = GuidanceUITests/Info.plist;
				LD_RUNPATH_SEARCH_PATHS = "$(inherited) @executable_path/Frameworks @loader_path/Frameworks";
				PRODUCT_BUNDLE_IDENTIFIER = com.dxl.GuidanceUITests;
				PRODUCT_NAME = "$(TARGET_NAME)";
				TEST_TARGET_NAME = Guidance;
			};
			name = Debug;
		};
		7BE229FD1F64D7A30073D80E /* Release */ = {
			isa = XCBuildConfiguration;
			buildSettings = {
				DEVELOPMENT_TEAM = 3T7PG2G445;
				INFOPLIST_FILE = GuidanceUITests/Info.plist;
				LD_RUNPATH_SEARCH_PATHS = "$(inherited) @executable_path/Frameworks @loader_path/Frameworks";
				PRODUCT_BUNDLE_IDENTIFIER = com.dxl.GuidanceUITests;
				PRODUCT_NAME = "$(TARGET_NAME)";
				TEST_TARGET_NAME = Guidance;
			};
			name = Release;
		};
/* End XCBuildConfiguration section */

/* Begin XCConfigurationList section */
		7BE229C31F64D7A30073D80E /* Build configuration list for PBXProject "Guidance" */ = {
			isa = XCConfigurationList;
			buildConfigurations = (
				7BE229F31F64D7A30073D80E /* Debug */,
				7BE229F41F64D7A30073D80E /* Release */,
			);
			defaultConfigurationIsVisible = 0;
			defaultConfigurationName = Release;
		};
		7BE229F51F64D7A30073D80E /* Build configuration list for PBXNativeTarget "Guidance" */ = {
			isa = XCConfigurationList;
			buildConfigurations = (
				7BE229F61F64D7A30073D80E /* Debug */,
				7BE229F71F64D7A30073D80E /* Release */,
			);
			defaultConfigurationIsVisible = 0;
			defaultConfigurationName = Release;
		};
		7BE229F81F64D7A30073D80E /* Build configuration list for PBXNativeTarget "GuidanceTests" */ = {
			isa = XCConfigurationList;
			buildConfigurations = (
				7BE229F91F64D7A30073D80E /* Debug */,
				7BE229FA1F64D7A30073D80E /* Release */,
			);
			defaultConfigurationIsVisible = 0;
			defaultConfigurationName = Release;
		};
		7BE229FB1F64D7A30073D80E /* Build configuration list for PBXNativeTarget "GuidanceUITests" */ = {
			isa = XCConfigurationList;
			buildConfigurations = (
				7BE229FC1F64D7A30073D80E /* Debug */,
				7BE229FD1F64D7A30073D80E /* Release */,
			);
			defaultConfigurationIsVisible = 0;
			defaultConfigurationName = Release;
		};
/* End XCConfigurationList section */
	};
	rootObject = 7BE229C01F64D7A30073D80E /* Project object */;
}
